
Microsoft Visual Studio Solution File, Format Version 12.00
# Visual Studio Version 17
VisualStudioVersion = 17.0.31903.59
MinimumVisualStudioVersion = 10.0.40219.1
Project("{2150E333-8FDC-42A3-9474-1A3956D46DE8}") = "BTCPayServer.Plugins.DePix", "BTCPayServer.Plugins.DePix", "{C8EF1629-AB5C-9ECE-3D87-D2CB4109AAAB}"
EndProject
Project("{FAE04EC0-301F-11D3-BF4B-00C04F79EFBC}") = "BTCPayServer.Plugins.Depix", "BTCPayServer.Plugins.DePix\BTCPayServer.Plugins.Depix.csproj", "{4F7F3105-BBFF-4EBC-8D43-CD5DF236EED7}"
EndProject
Project("{2150E333-8FDC-42A3-9474-1A3956D46DE8}") = "submodules", "submodules", "{B3415621-5EBA-1A55-0B57-0078FEC59DC7}"
EndProject
Project("{2150E333-8FDC-42A3-9474-1A3956D46DE8}") = "btcpayserver", "btcpayserver", "{62D3B876-442A-4F32-9377-95C9C063FEAF}"
EndProject
Project("{FAE04EC0-301F-11D3-BF4B-00C04F79EFBC}") = "BTCPayServer", "submodules\btcpayserver\BTCPayServer\BTCPayServer.csproj", "{CD28F713-8C3E-42BB-9D51-E5B7F16EEEEB}"
EndProject
Project("{FAE04EC0-301F-11D3-BF4B-00C04F79EFBC}") = "BTCPayServer.Abstractions", "submodules\btcpayserver\BTCPayServer.Abstractions\BTCPayServer.Abstractions.csproj", "{D9CEBC40-2017-4280-8C9B-5F902DA486AA}"
EndProject
Project("{FAE04EC0-301F-11D3-BF4B-00C04F79EFBC}") = "BTCPayServer.Client", "submodules\btcpayserver\BTCPayServer.Client\BTCPayServer.Client.csproj", "{95FB7DC5-4107-4A7B-9E32-CAC340EF8DFC}"
EndProject
Project("{FAE04EC0-301F-11D3-BF4B-00C04F79EFBC}") = "BTCPayServer.Data", "submodules\btcpayserver\BTCPayServer.Data\BTCPayServer.Data.csproj", "{11E762EB-92B1-4C7C-945F-FF069A978554}"
EndProject
Project("{FAE04EC0-301F-11D3-BF4B-00C04F79EFBC}") = "BTCPayServer.Rating", "submodules\btcpayserver\BTCPayServer.Rating\BTCPayServer.Rating.csproj", "{5500FEFF-D47E-4673-B439-1F2D961E285A}"
EndProject
Project("{FAE04EC0-301F-11D3-BF4B-00C04F79EFBC}") = "BTCPayServer.Common", "submodules\btcpayserver\BTCPayServer.Common\BTCPayServer.Common.csproj", "{9500B5D0-B72B-46B4-A664-5FD9491731EE}"
EndProject
Project("{FAE04EC0-301F-11D3-BF4B-00C04F79EFBC}") = "BTCPayServer.Plugins.Depix.Tests", "BTCPayServer.Plugins.Depix.Tests\BTCPayServer.Plugins.Depix.Tests.csproj", "{C46F63BC-5363-4A12-A02C-5B9DC3810CFA}"
EndProject
Project("{FAE04EC0-301F-11D3-BF4B-00C04F79EFBC}") = "BTCPayServer.Tests", "submodules\btcpayserver\BTCPayServer.Tests\BTCPayServer.Tests.csproj", "{721B4EF4-2A51-4CCB-ACDE-E0603E1E36DA}"
EndProject
Global
	GlobalSection(SolutionConfigurationPlatforms) = preSolution
		Debug|Any CPU = Debug|Any CPU
		Debug|x64 = Debug|x64
		Debug|x86 = Debug|x86
		Release|Any CPU = Release|Any CPU
		Release|x64 = Release|x64
		Release|x86 = Release|x86
	EndGlobalSection
	GlobalSection(ProjectConfigurationPlatforms) = postSolution
		{4F7F3105-BBFF-4EBC-8D43-CD5DF236EED7}.Debug|Any CPU.ActiveCfg = Debug|Any CPU
		{4F7F3105-BBFF-4EBC-8D43-CD5DF236EED7}.Debug|Any CPU.Build.0 = Debug|Any CPU
		{4F7F3105-BBFF-4EBC-8D43-CD5DF236EED7}.Debug|x64.ActiveCfg = Debug|Any CPU
		{4F7F3105-BBFF-4EBC-8D43-CD5DF236EED7}.Debug|x64.Build.0 = Debug|Any CPU
		{4F7F3105-BBFF-4EBC-8D43-CD5DF236EED7}.Debug|x86.ActiveCfg = Debug|Any CPU
		{4F7F3105-BBFF-4EBC-8D43-CD5DF236EED7}.Debug|x86.Build.0 = Debug|Any CPU
		{4F7F3105-BBFF-4EBC-8D43-CD5DF236EED7}.Release|Any CPU.ActiveCfg = Release|Any CPU
		{4F7F3105-BBFF-4EBC-8D43-CD5DF236EED7}.Release|Any CPU.Build.0 = Release|Any CPU
		{4F7F3105-BBFF-4EBC-8D43-CD5DF236EED7}.Release|x64.ActiveCfg = Release|Any CPU
		{4F7F3105-BBFF-4EBC-8D43-CD5DF236EED7}.Release|x64.Build.0 = Release|Any CPU
		{4F7F3105-BBFF-4EBC-8D43-CD5DF236EED7}.Release|x86.ActiveCfg = Release|Any CPU
		{4F7F3105-BBFF-4EBC-8D43-CD5DF236EED7}.Release|x86.Build.0 = Release|Any CPU
		{CD28F713-8C3E-42BB-9D51-E5B7F16EEEEB}.Debug|Any CPU.ActiveCfg = Debug|Any CPU
		{CD28F713-8C3E-42BB-9D51-E5B7F16EEEEB}.Debug|Any CPU.Build.0 = Debug|Any CPU
		{CD28F713-8C3E-42BB-9D51-E5B7F16EEEEB}.Debug|x64.ActiveCfg = Debug|Any CPU
		{CD28F713-8C3E-42BB-9D51-E5B7F16EEEEB}.Debug|x64.Build.0 = Debug|Any CPU
		{CD28F713-8C3E-42BB-9D51-E5B7F16EEEEB}.Debug|x86.ActiveCfg = Debug|Any CPU
		{CD28F713-8C3E-42BB-9D51-E5B7F16EEEEB}.Debug|x86.Build.0 = Debug|Any CPU
		{CD28F713-8C3E-42BB-9D51-E5B7F16EEEEB}.Release|Any CPU.ActiveCfg = Release|Any CPU
		{CD28F713-8C3E-42BB-9D51-E5B7F16EEEEB}.Release|Any CPU.Build.0 = Release|Any CPU
		{CD28F713-8C3E-42BB-9D51-E5B7F16EEEEB}.Release|x64.ActiveCfg = Release|Any CPU
		{CD28F713-8C3E-42BB-9D51-E5B7F16EEEEB}.Release|x64.Build.0 = Release|Any CPU
		{CD28F713-8C3E-42BB-9D51-E5B7F16EEEEB}.Release|x86.ActiveCfg = Release|Any CPU
		{CD28F713-8C3E-42BB-9D51-E5B7F16EEEEB}.Release|x86.Build.0 = Release|Any CPU
		{D9CEBC40-2017-4280-8C9B-5F902DA486AA}.Debug|Any CPU.ActiveCfg = Debug|Any CPU
		{D9CEBC40-2017-4280-8C9B-5F902DA486AA}.Debug|Any CPU.Build.0 = Debug|Any CPU
		{D9CEBC40-2017-4280-8C9B-5F902DA486AA}.Debug|x64.ActiveCfg = Debug|Any CPU
		{D9CEBC40-2017-4280-8C9B-5F902DA486AA}.Debug|x64.Build.0 = Debug|Any CPU
		{D9CEBC40-2017-4280-8C9B-5F902DA486AA}.Debug|x86.ActiveCfg = Debug|Any CPU
		{D9CEBC40-2017-4280-8C9B-5F902DA486AA}.Debug|x86.Build.0 = Debug|Any CPU
		{D9CEBC40-2017-4280-8C9B-5F902DA486AA}.Release|Any CPU.ActiveCfg = Release|Any CPU
		{D9CEBC40-2017-4280-8C9B-5F902DA486AA}.Release|Any CPU.Build.0 = Release|Any CPU
		{D9CEBC40-2017-4280-8C9B-5F902DA486AA}.Release|x64.ActiveCfg = Release|Any CPU
		{D9CEBC40-2017-4280-8C9B-5F902DA486AA}.Release|x64.Build.0 = Release|Any CPU
		{D9CEBC40-2017-4280-8C9B-5F902DA486AA}.Release|x86.ActiveCfg = Release|Any CPU
		{D9CEBC40-2017-4280-8C9B-5F902DA486AA}.Release|x86.Build.0 = Release|Any CPU
		{95FB7DC5-4107-4A7B-9E32-CAC340EF8DFC}.Debug|Any CPU.ActiveCfg = Debug|Any CPU
		{95FB7DC5-4107-4A7B-9E32-CAC340EF8DFC}.Debug|Any CPU.Build.0 = Debug|Any CPU
		{95FB7DC5-4107-4A7B-9E32-CAC340EF8DFC}.Debug|x64.ActiveCfg = Debug|Any CPU
		{95FB7DC5-4107-4A7B-9E32-CAC340EF8DFC}.Debug|x64.Build.0 = Debug|Any CPU
		{95FB7DC5-4107-4A7B-9E32-CAC340EF8DFC}.Debug|x86.ActiveCfg = Debug|Any CPU
		{95FB7DC5-4107-4A7B-9E32-CAC340EF8DFC}.Debug|x86.Build.0 = Debug|Any CPU
		{95FB7DC5-4107-4A7B-9E32-CAC340EF8DFC}.Release|Any CPU.ActiveCfg = Release|Any CPU
		{95FB7DC5-4107-4A7B-9E32-CAC340EF8DFC}.Release|Any CPU.Build.0 = Release|Any CPU
		{95FB7DC5-4107-4A7B-9E32-CAC340EF8DFC}.Release|x64.ActiveCfg = Release|Any CPU
		{95FB7DC5-4107-4A7B-9E32-CAC340EF8DFC}.Release|x64.Build.0 = Release|Any CPU
		{95FB7DC5-4107-4A7B-9E32-CAC340EF8DFC}.Release|x86.ActiveCfg = Release|Any CPU
		{95FB7DC5-4107-4A7B-9E32-CAC340EF8DFC}.Release|x86.Build.0 = Release|Any CPU
		{11E762EB-92B1-4C7C-945F-FF069A978554}.Debug|Any CPU.ActiveCfg = Debug|Any CPU
		{11E762EB-92B1-4C7C-945F-FF069A978554}.Debug|Any CPU.Build.0 = Debug|Any CPU
		{11E762EB-92B1-4C7C-945F-FF069A978554}.Debug|x64.ActiveCfg = Debug|Any CPU
		{11E762EB-92B1-4C7C-945F-FF069A978554}.Debug|x64.Build.0 = Debug|Any CPU
		{11E762EB-92B1-4C7C-945F-FF069A978554}.Debug|x86.ActiveCfg = Debug|Any CPU
		{11E762EB-92B1-4C7C-945F-FF069A978554}.Debug|x86.Build.0 = Debug|Any CPU
		{11E762EB-92B1-4C7C-945F-FF069A978554}.Release|Any CPU.ActiveCfg = Release|Any CPU
		{11E762EB-92B1-4C7C-945F-FF069A978554}.Release|Any CPU.Build.0 = Release|Any CPU
		{11E762EB-92B1-4C7C-945F-FF069A978554}.Release|x64.ActiveCfg = Release|Any CPU
		{11E762EB-92B1-4C7C-945F-FF069A978554}.Release|x64.Build.0 = Release|Any CPU
		{11E762EB-92B1-4C7C-945F-FF069A978554}.Release|x86.ActiveCfg = Release|Any CPU
		{11E762EB-92B1-4C7C-945F-FF069A978554}.Release|x86.Build.0 = Release|Any CPU
		{5500FEFF-D47E-4673-B439-1F2D961E285A}.Debug|Any CPU.ActiveCfg = Debug|Any CPU
		{5500FEFF-D47E-4673-B439-1F2D961E285A}.Debug|Any CPU.Build.0 = Debug|Any CPU
		{5500FEFF-D47E-4673-B439-1F2D961E285A}.Debug|x64.ActiveCfg = Debug|Any CPU
		{5500FEFF-D47E-4673-B439-1F2D961E285A}.Debug|x64.Build.0 = Debug|Any CPU
		{5500FEFF-D47E-4673-B439-1F2D961E285A}.Debug|x86.ActiveCfg = Debug|Any CPU
		{5500FEFF-D47E-4673-B439-1F2D961E285A}.Debug|x86.Build.0 = Debug|Any CPU
		{5500FEFF-D47E-4673-B439-1F2D961E285A}.Release|Any CPU.ActiveCfg = Release|Any CPU
		{5500FEFF-D47E-4673-B439-1F2D961E285A}.Release|Any CPU.Build.0 = Release|Any CPU
		{5500FEFF-D47E-4673-B439-1F2D961E285A}.Release|x64.ActiveCfg = Release|Any CPU
		{5500FEFF-D47E-4673-B439-1F2D961E285A}.Release|x64.Build.0 = Release|Any CPU
		{5500FEFF-D47E-4673-B439-1F2D961E285A}.Release|x86.ActiveCfg = Release|Any CPU
		{5500FEFF-D47E-4673-B439-1F2D961E285A}.Release|x86.Build.0 = Release|Any CPU
		{9500B5D0-B72B-46B4-A664-5FD9491731EE}.Debug|Any CPU.ActiveCfg = Debug|Any CPU
		{9500B5D0-B72B-46B4-A664-5FD9491731EE}.Debug|Any CPU.Build.0 = Debug|Any CPU
		{9500B5D0-B72B-46B4-A664-5FD9491731EE}.Debug|x64.ActiveCfg = Debug|Any CPU
		{9500B5D0-B72B-46B4-A664-5FD9491731EE}.Debug|x64.Build.0 = Debug|Any CPU
		{9500B5D0-B72B-46B4-A664-5FD9491731EE}.Debug|x86.ActiveCfg = Debug|Any CPU
		{9500B5D0-B72B-46B4-A664-5FD9491731EE}.Debug|x86.Build.0 = Debug|Any CPU
		{9500B5D0-B72B-46B4-A664-5FD9491731EE}.Release|Any CPU.ActiveCfg = Release|Any CPU
		{9500B5D0-B72B-46B4-A664-5FD9491731EE}.Release|Any CPU.Build.0 = Release|Any CPU
		{9500B5D0-B72B-46B4-A664-5FD9491731EE}.Release|x64.ActiveCfg = Release|Any CPU
		{9500B5D0-B72B-46B4-A664-5FD9491731EE}.Release|x64.Build.0 = Release|Any CPU
		{9500B5D0-B72B-46B4-A664-5FD9491731EE}.Release|x86.ActiveCfg = Release|Any CPU
		{9500B5D0-B72B-46B4-A664-5FD9491731EE}.Release|x86.Build.0 = Release|Any CPU
		{C46F63BC-5363-4A12-A02C-5B9DC3810CFA}.Debug|Any CPU.ActiveCfg = Debug|Any CPU
		{C46F63BC-5363-4A12-A02C-5B9DC3810CFA}.Debug|Any CPU.Build.0 = Debug|Any CPU
		{C46F63BC-5363-4A12-A02C-5B9DC3810CFA}.Debug|x64.ActiveCfg = Debug|Any CPU
		{C46F63BC-5363-4A12-A02C-5B9DC3810CFA}.Debug|x64.Build.0 = Debug|Any CPU
		{C46F63BC-5363-4A12-A02C-5B9DC3810CFA}.Debug|x86.ActiveCfg = Debug|Any CPU
		{C46F63BC-5363-4A12-A02C-5B9DC3810CFA}.Debug|x86.Build.0 = Debug|Any CPU
		{C46F63BC-5363-4A12-A02C-5B9DC3810CFA}.Release|Any CPU.ActiveCfg = Release|Any CPU
		{C46F63BC-5363-4A12-A02C-5B9DC3810CFA}.Release|Any CPU.Build.0 = Release|Any CPU
		{C46F63BC-5363-4A12-A02C-5B9DC3810CFA}.Release|x64.ActiveCfg = Release|Any CPU
		{C46F63BC-5363-4A12-A02C-5B9DC3810CFA}.Release|x64.Build.0 = Release|Any CPU
		{C46F63BC-5363-4A12-A02C-5B9DC3810CFA}.Release|x86.ActiveCfg = Release|Any CPU
		{C46F63BC-5363-4A12-A02C-5B9DC3810CFA}.Release|x86.Build.0 = Release|Any CPU
		{721B4EF4-2A51-4CCB-ACDE-E0603E1E36DA}.Debug|Any CPU.ActiveCfg = Debug|Any CPU
		{721B4EF4-2A51-4CCB-ACDE-E0603E1E36DA}.Debug|Any CPU.Build.0 = Debug|Any CPU
		{721B4EF4-2A51-4CCB-ACDE-E0603E1E36DA}.Debug|x64.ActiveCfg = Debug|Any CPU
		{721B4EF4-2A51-4CCB-ACDE-E0603E1E36DA}.Debug|x64.Build.0 = Debug|Any CPU
		{721B4EF4-2A51-4CCB-ACDE-E0603E1E36DA}.Debug|x86.ActiveCfg = Debug|Any CPU
		{721B4EF4-2A51-4CCB-ACDE-E0603E1E36DA}.Debug|x86.Build.0 = Debug|Any CPU
		{721B4EF4-2A51-4CCB-ACDE-E0603E1E36DA}.Release|Any CPU.ActiveCfg = Release|Any CPU
		{721B4EF4-2A51-4CCB-ACDE-E0603E1E36DA}.Release|Any CPU.Build.0 = Release|Any CPU
		{721B4EF4-2A51-4CCB-ACDE-E0603E1E36DA}.Release|x64.ActiveCfg = Release|Any CPU
		{721B4EF4-2A51-4CCB-ACDE-E0603E1E36DA}.Release|x64.Build.0 = Release|Any CPU
		{721B4EF4-2A51-4CCB-ACDE-E0603E1E36DA}.Release|x86.ActiveCfg = Release|Any CPU
		{721B4EF4-2A51-4CCB-ACDE-E0603E1E36DA}.Release|x86.Build.0 = Release|Any CPU
	EndGlobalSection
	GlobalSection(SolutionProperties) = preSolution
		HideSolutionNode = FALSE
	EndGlobalSection
	GlobalSection(NestedProjects) = preSolution
		{4F7F3105-BBFF-4EBC-8D43-CD5DF236EED7} = {C8EF1629-AB5C-9ECE-3D87-D2CB4109AAAB}
		{62D3B876-442A-4F32-9377-95C9C063FEAF} = {B3415621-5EBA-1A55-0B57-0078FEC59DC7}
		{CD28F713-8C3E-42BB-9D51-E5B7F16EEEEB} = {62D3B876-442A-4F32-9377-95C9C063FEAF}
		{D9CEBC40-2017-4280-8C9B-5F902DA486AA} = {62D3B876-442A-4F32-9377-95C9C063FEAF}
		{95FB7DC5-4107-4A7B-9E32-CAC340EF8DFC} = {62D3B876-442A-4F32-9377-95C9C063FEAF}
		{11E762EB-92B1-4C7C-945F-FF069A978554} = {62D3B876-442A-4F32-9377-95C9C063FEAF}
		{5500FEFF-D47E-4673-B439-1F2D961E285A} = {62D3B876-442A-4F32-9377-95C9C063FEAF}
		{9500B5D0-B72B-46B4-A664-5FD9491731EE} = {62D3B876-442A-4F32-9377-95C9C063FEAF}
		{721B4EF4-2A51-4CCB-ACDE-E0603E1E36DA} = {62D3B876-442A-4F32-9377-95C9C063FEAF}
	EndGlobalSection
EndGlobal
